{
  "version": 4,
  "terraform_version": "1.2.8",
  "serial": 9,
  "lineage": "cd7c1103-7df3-35ce-4ccc-bbb3a9194ed2",
  "outputs": {},
  "resources": [
    {
      "mode": "managed",
      "type": "azurerm_network_interface",
      "name": "hw20-NIC",
      "provider": "provider[\"registry.terraform.io/hashicorp/azurerm\"]",
      "instances": [
        {
          "schema_version": 0,
          "attributes": {
            "applied_dns_servers": [],
            "dns_servers": [],
            "enable_accelerated_networking": false,
            "enable_ip_forwarding": false,
            "id": "/subscriptions/43ca2862-3654-4d7b-944b-5a8a548fdef2/resourceGroups/azure-terraform-test/providers/Microsoft.Network/networkInterfaces/myNIC",
            "internal_dns_name_label": "",
            "internal_domain_name_suffix": "ycmx32q225jefgotfb00nubtla.ax.internal.cloudapp.net",
            "ip_configuration": [
              {
                "gateway_load_balancer_frontend_ip_configuration_id": "",
                "name": "my_nic_configuration",
                "primary": true,
                "private_ip_address": "10.0.128.4",
                "private_ip_address_allocation": "Dynamic",
                "private_ip_address_version": "IPv4",
                "public_ip_address_id": "/subscriptions/43ca2862-3654-4d7b-944b-5a8a548fdef2/resourceGroups/azure-terraform-test/providers/Microsoft.Network/publicIPAddresses/Public_IP",
                "subnet_id": "/subscriptions/43ca2862-3654-4d7b-944b-5a8a548fdef2/resourceGroups/azure-terraform-test/providers/Microsoft.Network/virtualNetworks/hw20-VPC/subnets/internal"
              }
            ],
            "location": "westeurope",
            "mac_address": "",
            "name": "myNIC",
            "private_ip_address": "10.0.128.4",
            "private_ip_addresses": [
              "10.0.128.4"
            ],
            "resource_group_name": "azure-terraform-test",
            "tags": null,
            "timeouts": null,
            "virtual_machine_id": ""
          },
          "sensitive_attributes": [],
          "private": "eyJlMmJmYjczMC1lY2FhLTExZTYtOGY4OC0zNDM2M2JjN2M0YzAiOnsiY3JlYXRlIjoxODAwMDAwMDAwMDAwLCJkZWxldGUiOjE4MDAwMDAwMDAwMDAsInJlYWQiOjMwMDAwMDAwMDAwMCwidXBkYXRlIjoxODAwMDAwMDAwMDAwfX0=",
          "dependencies": [
            "azurerm_public_ip.my_public_ip",
            "azurerm_resource_group.azure-terraform-test",
            "azurerm_subnet.hw20-SUBNET",
            "azurerm_virtual_network.hw20-VPC"
          ]
        }
      ]
    },
    {
      "mode": "managed",
      "type": "azurerm_network_interface_security_group_association",
      "name": "SGA",
      "provider": "provider[\"registry.terraform.io/hashicorp/azurerm\"]",
      "instances": [
        {
          "schema_version": 0,
          "attributes": {
            "id": "/subscriptions/43ca2862-3654-4d7b-944b-5a8a548fdef2/resourceGroups/azure-terraform-test/providers/Microsoft.Network/networkInterfaces/myNIC|/subscriptions/43ca2862-3654-4d7b-944b-5a8a548fdef2/resourceGroups/azure-terraform-test/providers/Microsoft.Network/networkSecurityGroups/Allow_RDP",
            "network_interface_id": "/subscriptions/43ca2862-3654-4d7b-944b-5a8a548fdef2/resourceGroups/azure-terraform-test/providers/Microsoft.Network/networkInterfaces/myNIC",
            "network_security_group_id": "/subscriptions/43ca2862-3654-4d7b-944b-5a8a548fdef2/resourceGroups/azure-terraform-test/providers/Microsoft.Network/networkSecurityGroups/Allow_RDP",
            "timeouts": null
          },
          "sensitive_attributes": [],
          "private": "eyJlMmJmYjczMC1lY2FhLTExZTYtOGY4OC0zNDM2M2JjN2M0YzAiOnsiY3JlYXRlIjoxODAwMDAwMDAwMDAwLCJkZWxldGUiOjE4MDAwMDAwMDAwMDAsInJlYWQiOjMwMDAwMDAwMDAwMCwidXBkYXRlIjoxODAwMDAwMDAwMDAwfX0=",
          "dependencies": [
            "azurerm_network_interface.hw20-NIC",
            "azurerm_network_security_group.hw20-SG",
            "azurerm_public_ip.my_public_ip",
            "azurerm_resource_group.azure-terraform-test",
            "azurerm_subnet.hw20-SUBNET",
            "azurerm_virtual_network.hw20-VPC"
          ]
        }
      ]
    },
    {
      "mode": "managed",
      "type": "azurerm_network_security_group",
      "name": "hw20-SG",
      "provider": "provider[\"registry.terraform.io/hashicorp/azurerm\"]",
      "instances": [
        {
          "schema_version": 0,
          "attributes": {
            "id": "/subscriptions/43ca2862-3654-4d7b-944b-5a8a548fdef2/resourceGroups/azure-terraform-test/providers/Microsoft.Network/networkSecurityGroups/Allow_RDP",
            "location": "westeurope",
            "name": "Allow_RDP",
            "resource_group_name": "azure-terraform-test",
            "security_rule": [
              {
                "access": "Allow",
                "description": "",
                "destination_address_prefix": "*",
                "destination_address_prefixes": [],
                "destination_application_security_group_ids": [],
                "destination_port_range": "3389",
                "destination_port_ranges": [],
                "direction": "Inbound",
                "name": "RDP",
                "priority": 1001,
                "protocol": "Tcp",
                "source_address_prefix": "*",
                "source_address_prefixes": [],
                "source_application_security_group_ids": [],
                "source_port_range": "*",
                "source_port_ranges": []
              }
            ],
            "tags": null,
            "timeouts": null
          },
          "sensitive_attributes": [],
          "private": "eyJlMmJmYjczMC1lY2FhLTExZTYtOGY4OC0zNDM2M2JjN2M0YzAiOnsiY3JlYXRlIjoxODAwMDAwMDAwMDAwLCJkZWxldGUiOjE4MDAwMDAwMDAwMDAsInJlYWQiOjMwMDAwMDAwMDAwMCwidXBkYXRlIjoxODAwMDAwMDAwMDAwfX0=",
          "dependencies": [
            "azurerm_resource_group.azure-terraform-test"
          ]
        }
      ]
    },
    {
      "mode": "managed",
      "type": "azurerm_public_ip",
      "name": "my_public_ip",
      "provider": "provider[\"registry.terraform.io/hashicorp/azurerm\"]",
      "instances": [
        {
          "schema_version": 0,
          "attributes": {
            "allocation_method": "Dynamic",
            "availability_zone": "No-Zone",
            "domain_name_label": null,
            "fqdn": null,
            "id": "/subscriptions/43ca2862-3654-4d7b-944b-5a8a548fdef2/resourceGroups/azure-terraform-test/providers/Microsoft.Network/publicIPAddresses/Public_IP",
            "idle_timeout_in_minutes": 4,
            "ip_address": "",
            "ip_tags": null,
            "ip_version": "IPv4",
            "location": "westeurope",
            "name": "Public_IP",
            "public_ip_prefix_id": null,
            "resource_group_name": "azure-terraform-test",
            "reverse_fqdn": null,
            "sku": "Basic",
            "sku_tier": "Regional",
            "tags": null,
            "timeouts": null,
            "zones": []
          },
          "sensitive_attributes": [],
          "private": "eyJlMmJmYjczMC1lY2FhLTExZTYtOGY4OC0zNDM2M2JjN2M0YzAiOnsiY3JlYXRlIjoxODAwMDAwMDAwMDAwLCJkZWxldGUiOjE4MDAwMDAwMDAwMDAsInJlYWQiOjMwMDAwMDAwMDAwMCwidXBkYXRlIjoxODAwMDAwMDAwMDAwfX0=",
          "dependencies": [
            "azurerm_resource_group.azure-terraform-test"
          ]
        }
      ]
    },
    {
      "mode": "managed",
      "type": "azurerm_resource_group",
      "name": "azure-terraform-test",
      "provider": "provider[\"registry.terraform.io/hashicorp/azurerm\"]",
      "instances": [
        {
          "schema_version": 0,
          "attributes": {
            "id": "/subscriptions/43ca2862-3654-4d7b-944b-5a8a548fdef2/resourceGroups/azure-terraform-test",
            "location": "westeurope",
            "name": "azure-terraform-test",
            "tags": null,
            "timeouts": null
          },
          "sensitive_attributes": [],
          "private": "eyJlMmJmYjczMC1lY2FhLTExZTYtOGY4OC0zNDM2M2JjN2M0YzAiOnsiY3JlYXRlIjo1NDAwMDAwMDAwMDAwLCJkZWxldGUiOjU0MDAwMDAwMDAwMDAsInJlYWQiOjMwMDAwMDAwMDAwMCwidXBkYXRlIjo1NDAwMDAwMDAwMDAwfX0="
        }
      ]
    },
    {
      "mode": "managed",
      "type": "azurerm_subnet",
      "name": "hw20-SUBNET",
      "provider": "provider[\"registry.terraform.io/hashicorp/azurerm\"]",
      "instances": [
        {
          "schema_version": 0,
          "attributes": {
            "address_prefix": "10.0.128.0/24",
            "address_prefixes": [
              "10.0.128.0/24"
            ],
            "delegation": [],
            "enforce_private_link_endpoint_network_policies": false,
            "enforce_private_link_service_network_policies": false,
            "id": "/subscriptions/43ca2862-3654-4d7b-944b-5a8a548fdef2/resourceGroups/azure-terraform-test/providers/Microsoft.Network/virtualNetworks/hw20-VPC/subnets/internal",
            "name": "internal",
            "resource_group_name": "azure-terraform-test",
            "service_endpoint_policy_ids": null,
            "service_endpoints": null,
            "timeouts": null,
            "virtual_network_name": "hw20-VPC"
          },
          "sensitive_attributes": [],
          "private": "eyJlMmJmYjczMC1lY2FhLTExZTYtOGY4OC0zNDM2M2JjN2M0YzAiOnsiY3JlYXRlIjoxODAwMDAwMDAwMDAwLCJkZWxldGUiOjE4MDAwMDAwMDAwMDAsInJlYWQiOjMwMDAwMDAwMDAwMCwidXBkYXRlIjoxODAwMDAwMDAwMDAwfX0=",
          "dependencies": [
            "azurerm_resource_group.azure-terraform-test",
            "azurerm_virtual_network.hw20-VPC"
          ]
        }
      ]
    },
    {
      "mode": "managed",
      "type": "azurerm_virtual_network",
      "name": "hw20-VPC",
      "provider": "provider[\"registry.terraform.io/hashicorp/azurerm\"]",
      "instances": [
        {
          "schema_version": 0,
          "attributes": {
            "address_space": [
              "10.0.0.0/16"
            ],
            "bgp_community": "",
            "ddos_protection_plan": [],
            "dns_servers": [],
            "flow_timeout_in_minutes": 0,
            "guid": "f27e99c0-e71c-42d2-99d3-2875a6d03358",
            "id": "/subscriptions/43ca2862-3654-4d7b-944b-5a8a548fdef2/resourceGroups/azure-terraform-test/providers/Microsoft.Network/virtualNetworks/hw20-VPC",
            "location": "westeurope",
            "name": "hw20-VPC",
            "resource_group_name": "azure-terraform-test",
            "subnet": [],
            "tags": null,
            "timeouts": null,
            "vm_protection_enabled": false
          },
          "sensitive_attributes": [],
          "private": "eyJlMmJmYjczMC1lY2FhLTExZTYtOGY4OC0zNDM2M2JjN2M0YzAiOnsiY3JlYXRlIjoxODAwMDAwMDAwMDAwLCJkZWxldGUiOjE4MDAwMDAwMDAwMDAsInJlYWQiOjMwMDAwMDAwMDAwMCwidXBkYXRlIjoxODAwMDAwMDAwMDAwfX0=",
          "dependencies": [
            "azurerm_resource_group.azure-terraform-test"
          ]
        }
      ]
    },
    {
      "mode": "managed",
      "type": "azurerm_windows_virtual_machine",
      "name": "hw20-win10pro",
      "provider": "provider[\"registry.terraform.io/hashicorp/azurerm\"]",
      "instances": [
        {
          "schema_version": 0,
          "attributes": {
            "additional_capabilities": [],
            "additional_unattend_content": [],
            "admin_password": "P@$$w0rd1234!",
            "admin_username": "adminuser",
            "allow_extension_operations": true,
            "availability_set_id": "",
            "boot_diagnostics": [],
            "computer_name": "hw20-win10pro",
            "custom_data": null,
            "dedicated_host_group_id": "",
            "dedicated_host_id": "",
            "enable_automatic_updates": true,
            "encryption_at_host_enabled": false,
            "eviction_policy": "",
            "extensions_time_budget": "PT1H30M",
            "hotpatching_enabled": false,
            "id": "/subscriptions/43ca2862-3654-4d7b-944b-5a8a548fdef2/resourceGroups/azure-terraform-test/providers/Microsoft.Compute/virtualMachines/hw20-win10pro",
            "identity": [],
            "license_type": "",
            "location": "westeurope",
            "max_bid_price": -1,
            "name": "hw20-win10pro",
            "network_interface_ids": [
              "/subscriptions/43ca2862-3654-4d7b-944b-5a8a548fdef2/resourceGroups/azure-terraform-test/providers/Microsoft.Network/networkInterfaces/myNIC"
            ],
            "os_disk": [
              {
                "caching": "ReadWrite",
                "diff_disk_settings": [],
                "disk_encryption_set_id": "",
                "disk_size_gb": 127,
                "name": "hw20-win10pro_OsDisk_1_74ce08aaeee446d79adaf24f98f49cc2",
                "storage_account_type": "StandardSSD_LRS",
                "write_accelerator_enabled": false
              }
            ],
            "patch_mode": "AutomaticByOS",
            "plan": [],
            "platform_fault_domain": -1,
            "priority": "Regular",
            "private_ip_address": "10.0.128.4",
            "private_ip_addresses": [
              "10.0.128.4"
            ],
            "provision_vm_agent": true,
            "proximity_placement_group_id": "",
            "public_ip_address": "13.95.125.155",
            "public_ip_addresses": [
              "13.95.125.155"
            ],
            "resource_group_name": "azure-terraform-test",
            "secret": [],
            "secure_boot_enabled": false,
            "size": "Standard_D1_v2",
            "source_image_id": "",
            "source_image_reference": [
              {
                "offer": "Windows-10",
                "publisher": "MicrosoftWindowsDesktop",
                "sku": "20h1-pro",
                "version": "latest"
              }
            ],
            "tags": null,
            "timeouts": null,
            "timezone": "",
            "user_data": "",
            "virtual_machine_id": "f4cf3b65-953c-417a-b614-b8a0f7e34041",
            "virtual_machine_scale_set_id": "",
            "vtpm_enabled": false,
            "winrm_listener": [],
            "zone": ""
          },
          "sensitive_attributes": [],
          "private": "eyJlMmJmYjczMC1lY2FhLTExZTYtOGY4OC0zNDM2M2JjN2M0YzAiOnsiY3JlYXRlIjoyNzAwMDAwMDAwMDAwLCJkZWxldGUiOjI3MDAwMDAwMDAwMDAsInJlYWQiOjMwMDAwMDAwMDAwMCwidXBkYXRlIjoyNzAwMDAwMDAwMDAwfX0=",
          "dependencies": [
            "azurerm_network_interface.hw20-NIC",
            "azurerm_public_ip.my_public_ip",
            "azurerm_resource_group.azure-terraform-test",
            "azurerm_subnet.hw20-SUBNET",
            "azurerm_virtual_network.hw20-VPC"
          ]
        }
      ]
    }
  ]
}
